
Microsoft Visual Studio Solution File, Format Version 12.00
# Visual Studio Version 17
VisualStudioVersion = 17.1.32210.238
MinimumVisualStudioVersion = 10.0.40219.1
Project("{FAE04EC0-301F-11D3-BF4B-00C04F79EFBC}") = "AppWhatsApp.Android", "AppWhatsApp\AppWhatsApp.Android\AppWhatsApp.Android.csproj", "{AB36F569-F964-423C-ABFC-1B19981EC0D6}"
EndProject
Project("{FAE04EC0-301F-11D3-BF4B-00C04F79EFBC}") = "AppWhatsApp.iOS", "AppWhatsApp\AppWhatsApp.iOS\AppWhatsApp.iOS.csproj", "{BC0D3FA3-E128-4FB0-80B7-63700F75CC21}"
EndProject
Project("{9A19103F-16F7-4668-BE54-9A1E7A4F7556}") = "AppWhatsApp", "AppWhatsApp\AppWhatsApp\AppWhatsApp.csproj", "{6FBD827B-06DB-4149-94C2-E490093A1E55}"
EndProject
Global
	GlobalSection(SolutionConfigurationPlatforms) = preSolution
		Debug|Any CPU = Debug|Any CPU
		Debug|iPhone = Debug|iPhone
		Debug|iPhoneSimulator = Debug|iPhoneSimulator
		Release|Any CPU = Release|Any CPU
		Release|iPhone = Release|iPhone
		Release|iPhoneSimulator = Release|iPhoneSimulator
	EndGlobalSection
	GlobalSection(ProjectConfigurationPlatforms) = postSolution
		{AB36F569-F964-423C-ABFC-1B19981EC0D6}.Debug|Any CPU.ActiveCfg = Debug|Any CPU
		{AB36F569-F964-423C-ABFC-1B19981EC0D6}.Debug|Any CPU.Build.0 = Debug|Any CPU
		{AB36F569-F964-423C-ABFC-1B19981EC0D6}.Debug|Any CPU.Deploy.0 = Debug|Any CPU
		{AB36F569-F964-423C-ABFC-1B19981EC0D6}.Debug|iPhone.ActiveCfg = Debug|Any CPU
		{AB36F569-F964-423C-ABFC-1B19981EC0D6}.Debug|iPhone.Build.0 = Debug|Any CPU
		{AB36F569-F964-423C-ABFC-1B19981EC0D6}.Debug|iPhone.Deploy.0 = Debug|Any CPU
		{AB36F569-F964-423C-ABFC-1B19981EC0D6}.Debug|iPhoneSimulator.ActiveCfg = Debug|Any CPU
		{AB36F569-F964-423C-ABFC-1B19981EC0D6}.Debug|iPhoneSimulator.Build.0 = Debug|Any CPU
		{AB36F569-F964-423C-ABFC-1B19981EC0D6}.Debug|iPhoneSimulator.Deploy.0 = Debug|Any CPU
		{AB36F569-F964-423C-ABFC-1B19981EC0D6}.Release|Any CPU.ActiveCfg = Release|Any CPU
		{AB36F569-F964-423C-ABFC-1B19981EC0D6}.Release|Any CPU.Build.0 = Release|Any CPU
		{AB36F569-F964-423C-ABFC-1B19981EC0D6}.Release|Any CPU.Deploy.0 = Release|Any CPU
		{AB36F569-F964-423C-ABFC-1B19981EC0D6}.Release|iPhone.ActiveCfg = Release|Any CPU
		{AB36F569-F964-423C-ABFC-1B19981EC0D6}.Release|iPhone.Build.0 = Release|Any CPU
		{AB36F569-F964-423C-ABFC-1B19981EC0D6}.Release|iPhone.Deploy.0 = Release|Any CPU
		{AB36F569-F964-423C-ABFC-1B19981EC0D6}.Release|iPhoneSimulator.ActiveCfg = Release|Any CPU
		{AB36F569-F964-423C-ABFC-1B19981EC0D6}.Release|iPhoneSimulator.Build.0 = Release|Any CPU
		{AB36F569-F964-423C-ABFC-1B19981EC0D6}.Release|iPhoneSimulator.Deploy.0 = Release|Any CPU
		{BC0D3FA3-E128-4FB0-80B7-63700F75CC21}.Debug|Any CPU.ActiveCfg = Debug|iPhone
		{BC0D3FA3-E128-4FB0-80B7-63700F75CC21}.Debug|Any CPU.Build.0 = Debug|iPhone
		{BC0D3FA3-E128-4FB0-80B7-63700F75CC21}.Debug|Any CPU.Deploy.0 = Debug|iPhone
		{BC0D3FA3-E128-4FB0-80B7-63700F75CC21}.Debug|iPhone.ActiveCfg = Debug|iPhone
		{BC0D3FA3-E128-4FB0-80B7-63700F75CC21}.Debug|iPhone.Build.0 = Debug|iPhone
		{BC0D3FA3-E128-4FB0-80B7-63700F75CC21}.Debug|iPhone.Deploy.0 = Debug|iPhone
		{BC0D3FA3-E128-4FB0-80B7-63700F75CC21}.Debug|iPhoneSimulator.ActiveCfg = Debug|iPhoneSimulator
		{BC0D3FA3-E128-4FB0-80B7-63700F75CC21}.Debug|iPhoneSimulator.Build.0 = Debug|iPhoneSimulator
		{BC0D3FA3-E128-4FB0-80B7-63700F75CC21}.Debug|iPhoneSimulator.Deploy.0 = Debug|iPhoneSimulator
		{BC0D3FA3-E128-4FB0-80B7-63700F75CC21}.Release|Any CPU.ActiveCfg = Release|iPhoneSimulator
		{BC0D3FA3-E128-4FB0-80B7-63700F75CC21}.Release|Any CPU.Build.0 = Release|iPhoneSimulator
		{BC0D3FA3-E128-4FB0-80B7-63700F75CC21}.Release|Any CPU.Deploy.0 = Release|iPhoneSimulator
		{BC0D3FA3-E128-4FB0-80B7-63700F75CC21}.Release|iPhone.ActiveCfg = Release|iPhone
		{BC0D3FA3-E128-4FB0-80B7-63700F75CC21}.Release|iPhone.Build.0 = Release|iPhone
		{BC0D3FA3-E128-4FB0-80B7-63700F75CC21}.Release|iPhone.Deploy.0 = Release|iPhone
		{BC0D3FA3-E128-4FB0-80B7-63700F75CC21}.Release|iPhoneSimulator.ActiveCfg = Release|iPhoneSimulator
		{BC0D3FA3-E128-4FB0-80B7-63700F75CC21}.Release|iPhoneSimulator.Build.0 = Release|iPhoneSimulator
		{BC0D3FA3-E128-4FB0-80B7-63700F75CC21}.Release|iPhoneSimulator.Deploy.0 = Release|iPhoneSimulator
		{6FBD827B-06DB-4149-94C2-E490093A1E55}.Debug|Any CPU.ActiveCfg = Debug|Any CPU
		{6FBD827B-06DB-4149-94C2-E490093A1E55}.Debug|Any CPU.Build.0 = Debug|Any CPU
		{6FBD827B-06DB-4149-94C2-E490093A1E55}.Debug|Any CPU.Deploy.0 = Debug|Any CPU
		{6FBD827B-06DB-4149-94C2-E490093A1E55}.Debug|iPhone.ActiveCfg = Debug|Any CPU
		{6FBD827B-06DB-4149-94C2-E490093A1E55}.Debug|iPhone.Build.0 = Debug|Any CPU
		{6FBD827B-06DB-4149-94C2-E490093A1E55}.Debug|iPhone.Deploy.0 = Debug|Any CPU
		{6FBD827B-06DB-4149-94C2-E490093A1E55}.Debug|iPhoneSimulator.ActiveCfg = Debug|Any CPU
		{6FBD827B-06DB-4149-94C2-E490093A1E55}.Debug|iPhoneSimulator.Build.0 = Debug|Any CPU
		{6FBD827B-06DB-4149-94C2-E490093A1E55}.Debug|iPhoneSimulator.Deploy.0 = Debug|Any CPU
		{6FBD827B-06DB-4149-94C2-E490093A1E55}.Release|Any CPU.ActiveCfg = Release|Any CPU
		{6FBD827B-06DB-4149-94C2-E490093A1E55}.Release|Any CPU.Build.0 = Release|Any CPU
		{6FBD827B-06DB-4149-94C2-E490093A1E55}.Release|Any CPU.Deploy.0 = Release|Any CPU
		{6FBD827B-06DB-4149-94C2-E490093A1E55}.Release|iPhone.ActiveCfg = Release|Any CPU
		{6FBD827B-06DB-4149-94C2-E490093A1E55}.Release|iPhone.Build.0 = Release|Any CPU
		{6FBD827B-06DB-4149-94C2-E490093A1E55}.Release|iPhone.Deploy.0 = Release|Any CPU
		{6FBD827B-06DB-4149-94C2-E490093A1E55}.Release|iPhoneSimulator.ActiveCfg = Release|Any CPU
		{6FBD827B-06DB-4149-94C2-E490093A1E55}.Release|iPhoneSimulator.Build.0 = Release|Any CPU
		{6FBD827B-06DB-4149-94C2-E490093A1E55}.Release|iPhoneSimulator.Deploy.0 = Release|Any CPU
	EndGlobalSection
	GlobalSection(SolutionProperties) = preSolution
		HideSolutionNode = FALSE
	EndGlobalSection
	GlobalSection(ExtensibilityGlobals) = postSolution
		SolutionGuid = {B0C8775E-4882-4CFE-9384-9C5FFFCA530F}
	EndGlobalSection
EndGlobal
